// !$*UTF8*$!
{
	archiveVersion = 1;
	classes = {
	};
	objectVersion = 46;
	objects = {

/* Begin PBXBuildFile section */
		49B009C11E1CCD480018D2A8 /* AppDelegate.swift in Sources */ = {isa = PBXBuildFile; fileRef = 49B009C01E1CCD480018D2A8 /* AppDelegate.swift */; };
		49B009C31E1CCD480018D2A8 /* ViewController.swift in Sources */ = {isa = PBXBuildFile; fileRef = 49B009C21E1CCD480018D2A8 /* ViewController.swift */; };
		49B009C61E1CCD480018D2A8 /* Main.storyboard in Resources */ = {isa = PBXBuildFile; fileRef = 49B009C41E1CCD480018D2A8 /* Main.storyboard */; };
		49B009C81E1CCD480018D2A8 /* Assets.xcassets in Resources */ = {isa = PBXBuildFile; fileRef = 49B009C71E1CCD480018D2A8 /* Assets.xcassets */; };
		49B009CB1E1CCD480018D2A8 /* LaunchScreen.storyboard in Resources */ = {isa = PBXBuildFile; fileRef = 49B009C91E1CCD480018D2A8 /* LaunchScreen.storyboard */; };
		49B009D61E1CCD480018D2A8 /* TipCalculatorTests.swift in Sources */ = {isa = PBXBuildFile; fileRef = 49B009D51E1CCD480018D2A8 /* TipCalculatorTests.swift */; };
		49B009E11E1CCD480018D2A8 /* TipCalculatorUITests.swift in Sources */ = {isa = PBXBuildFile; fileRef = 49B009E01E1CCD480018D2A8 /* TipCalculatorUITests.swift */; };
/* End PBXBuildFile section */

/* Begin PBXContainerItemProxy section */
		49B009D21E1CCD480018D2A8 /* PBXContainerItemProxy */ = {
			isa = PBXContainerItemProxy;
			containerPortal = 49B009B51E1CCD480018D2A8 /* Project object */;
			proxyType = 1;
			remoteGlobalIDString = 49B009BC1E1CCD480018D2A8;
			remoteInfo = TipCalculator;
		};
		49B009DD1E1CCD480018D2A8 /* PBXContainerItemProxy */ = {
			isa = PBXContainerItemProxy;
			containerPortal = 49B009B51E1CCD480018D2A8 /* Project object */;
			proxyType = 1;
			remoteGlobalIDString = 49B009BC1E1CCD480018D2A8;
			remoteInfo = TipCalculator;
		};
/* End PBXContainerItemProxy section */

/* Begin PBXFileReference section */
		49B009BD1E1CCD480018D2A8 /* TipCalculator.app */ = {isa = PBXFileReference; explicitFileType = wrapper.application; includeInIndex = 0; path = TipCalculator.app; sourceTree = BUILT_PRODUCTS_DIR; };
		49B009C01E1CCD480018D2A8 /* AppDelegate.swift */ = {isa = PBXFileReference; lastKnownFileType = sourcecode.swift; path = AppDelegate.swift; sourceTree = "<group>"; };
		49B009C21E1CCD480018D2A8 /* ViewController.swift */ = {isa = PBXFileReference; lastKnownFileType = sourcecode.swift; path = ViewController.swift; sourceTree = "<group>"; };
		49B009C51E1CCD480018D2A8 /* Base */ = {isa = PBXFileReference; lastKnownFileType = file.storyboard; name = Base; path = Base.lproj/Main.storyboard; sourceTree = "<group>"; };
		49B009C71E1CCD480018D2A8 /* Assets.xcassets */ = {isa = PBXFileReference; lastKnownFileType = folder.assetcatalog; path = Assets.xcassets; sourceTree = "<group>"; };
		49B009CA1E1CCD480018D2A8 /* Base */ = {isa = PBXFileReference; lastKnownFileType = file.storyboard; name = Base; path = Base.lproj/LaunchScreen.storyboard; sourceTree = "<group>"; };
		49B009CC1E1CCD480018D2A8 /* Info.plist */ = {isa = PBXFileReference; lastKnownFileType = text.plist.xml; path = Info.plist; sourceTree = "<group>"; };
		49B009D11E1CCD480018D2A8 /* TipCalculatorTests.xctest */ = {isa = PBXFileReference; explicitFileType = wrapper.cfbundle; includeInIndex = 0; path = TipCalculatorTests.xctest; sourceTree = BUILT_PRODUCTS_DIR; };
		49B009D51E1CCD480018D2A8 /* TipCalculatorTests.swift */ = {isa = PBXFileReference; lastKnownFileType = sourcecode.swift; path = TipCalculatorTests.swift; sourceTree = "<group>"; };
		49B009D71E1CCD480018D2A8 /* Info.plist */ = {isa = PBXFileReference; lastKnownFileType = text.plist.xml; path = Info.plist; sourceTree = "<group>"; };
		49B009DC1E1CCD480018D2A8 /* TipCalculatorUITests.xctest */ = {isa = PBXFileReference; explicitFileType = wrapper.cfbundle; includeInIndex = 0; path = TipCalculatorUITests.xctest; sourceTree = BUILT_PRODUCTS_DIR; };
		49B009E01E1CCD480018D2A8 /* TipCalculatorUITests.swift */ = {isa = PBXFileReference; lastKnownFileType = sourcecode.swift; path = TipCalculatorUITests.swift; sourceTree = "<group>"; };
		49B009E21E1CCD480018D2A8 /* Info.plist */ = {isa = PBXFileReference; lastKnownFileType = text.plist.xml; path = Info.plist; sourceTree = "<group>"; };
/* End PBXFileReference section */

/* Begin PBXFrameworksBuildPhase section */
		49B009BA1E1CCD480018D2A8 /* Frameworks */ = {
			isa = PBXFrameworksBuildPhase;
			buildActionMask = 2147483647;
			files = (
			);
			runOnlyForDeploymentPostprocessing = 0;
		};
		49B009CE1E1CCD480018D2A8 /* Frameworks */ = {
			isa = PBXFrameworksBuildPhase;
			buildActionMask = 2147483647;
			files = (
			);
			runOnlyForDeploymentPostprocessing = 0;
		};
		49B009D91E1CCD480018D2A8 /* Frameworks */ = {
			isa = PBXFrameworksBuildPhase;
			buildActionMask = 2147483647;
			files = (
			);
			runOnlyForDeploymentPostprocessing = 0;
		};
/* End PBXFrameworksBuildPhase section */

/* Begin PBXGroup section */
		49B009B41E1CCD480018D2A8 = {
			isa = PBXGroup;
			children = (
				49B009BF1E1CCD480018D2A8 /* TipCalculator */,
				49B009D41E1CCD480018D2A8 /* TipCalculatorTests */,
				49B009DF1E1CCD480018D2A8 /* TipCalculatorUITests */,
				49B009BE1E1CCD480018D2A8 /* Products */,
			);
			sourceTree = "<group>";
		};
		49B009BE1E1CCD480018D2A8 /* Products */ = {
			isa = PBXGroup;
			children = (
				49B009BD1E1CCD480018D2A8 /* TipCalculator.app */,
				49B009D11E1CCD480018D2A8 /* TipCalculatorTests.xctest */,
				49B009DC1E1CCD480018D2A8 /* TipCalculatorUITests.xctest */,
			);
			name = Products;
			sourceTree = "<group>";
		};
		49B009BF1E1CCD480018D2A8 /* TipCalculator */ = {
			isa = PBXGroup;
			children = (
				49B009C01E1CCD480018D2A8 /* AppDelegate.swift */,
				49B009C21E1CCD480018D2A8 /* ViewController.swift */,
				49B009C41E1CCD480018D2A8 /* Main.storyboard */,
				49B009C71E1CCD480018D2A8 /* Assets.xcassets */,
				49B009C91E1CCD480018D2A8 /* LaunchScreen.storyboard */,
				49B009CC1E1CCD480018D2A8 /* Info.plist */,
			);
			path = TipCalculator;
			sourceTree = "<group>";
		};
		49B009D41E1CCD480018D2A8 /* TipCalculatorTests */ = {
			isa = PBXGroup;
			children = (
				49B009D51E1CCD480018D2A8 /* TipCalculatorTests.swift */,
				49B009D71E1CCD480018D2A8 /* Info.plist */,
			);
			path = TipCalculatorTests;
			sourceTree = "<group>";
		};
		49B009DF1E1CCD480018D2A8 /* TipCalculatorUITests */ = {
			isa = PBXGroup;
			children = (
				49B009E01E1CCD480018D2A8 /* TipCalculatorUITests.swift */,
				49B009E21E1CCD480018D2A8 /* Info.plist */,
			);
			path = TipCalculatorUITests;
			sourceTree = "<group>";
		};
/* End PBXGroup section */

/* Begin PBXNativeTarget section */
		49B009BC1E1CCD480018D2A8 /* TipCalculator */ = {
			isa = PBXNativeTarget;
			buildConfigurationList = 49B009E51E1CCD480018D2A8 /* Build configuration list for PBXNativeTarget "TipCalculator" */;
			buildPhases = (
				49B009B91E1CCD480018D2A8 /* Sources */,
				49B009BA1E1CCD480018D2A8 /* Frameworks */,
				49B009BB1E1CCD480018D2A8 /* Resources */,
			);
			buildRules = (
			);
			dependencies = (
			);
			name = TipCalculator;
			productName = TipCalculator;
			productReference = 49B009BD1E1CCD480018D2A8 /* TipCalculator.app */;
			productType = "com.apple.product-type.application";
		};
		49B009D01E1CCD480018D2A8 /* TipCalculatorTests */ = {
			isa = PBXNativeTarget;
			buildConfigurationList = 49B009E81E1CCD480018D2A8 /* Build configuration list for PBXNativeTarget "TipCalculatorTests" */;
			buildPhases = (
				49B009CD1E1CCD480018D2A8 /* Sources */,
				49B009CE1E1CCD480018D2A8 /* Frameworks */,
				49B009CF1E1CCD480018D2A8 /* Resources */,
			);
			buildRules = (
			);
			dependencies = (
				49B009D31E1CCD480018D2A8 /* PBXTargetDependency */,
			);
			name = TipCalculatorTests;
			productName = TipCalculatorTests;
			productReference = 49B009D11E1CCD480018D2A8 /* TipCalculatorTests.xctest */;
			productType = "com.apple.product-type.bundle.unit-test";
		};
		49B009DB1E1CCD480018D2A8 /* TipCalculatorUITests */ = {
			isa = PBXNativeTarget;
			buildConfigurationList = 49B009EB1E1CCD480018D2A8 /* Build configuration list for PBXNativeTarget "TipCalculatorUITests" */;
			buildPhases = (
				49B009D81E1CCD480018D2A8 /* Sources */,
				49B009D91E1CCD480018D2A8 /* Frameworks */,
				49B009DA1E1CCD480018D2A8 /* Resources */,
			);
			buildRules = (
			);
			dependencies = (
				49B009DE1E1CCD480018D2A8 /* PBXTargetDependency */,
			);
			name = TipCalculatorUITests;
			productName = TipCalculatorUITests;
			productReference = 49B009DC1E1CCD480018D2A8 /* TipCalculatorUITests.xctest */;
			productType = "com.apple.product-type.bundle.ui-testing";
		};
/* End PBXNativeTarget section */

/* Begin PBXProject section */
		49B009B51E1CCD480018D2A8 /* Project object */ = {
			isa = PBXProject;
			attributes = {
				LastSwiftUpdateCheck = 0820;
				LastUpgradeCheck = 0820;
				ORGANIZATIONNAME = "Robert Mitchell";
				TargetAttributes = {
					49B009BC1E1CCD480018D2A8 = {
						CreatedOnToolsVersion = 8.2.1;
						ProvisioningStyle = Automatic;
					};
					49B009D01E1CCD480018D2A8 = {
						CreatedOnToolsVersion = 8.2.1;
						ProvisioningStyle = Automatic;
						TestTargetID = 49B009BC1E1CCD480018D2A8;
					};
					49B009DB1E1CCD480018D2A8 = {
						CreatedOnToolsVersion = 8.2.1;
						ProvisioningStyle = Automatic;
						TestTargetID = 49B009BC1E1CCD480018D2A8;
					};
				};
			};
			buildConfigurationList = 49B009B81E1CCD480018D2A8 /* Build configuration list for PBXProject "TipCalculator" */;
			compatibilityVersion = "Xcode 3.2";
			developmentRegion = English;
			hasScannedForEncodings = 0;
			knownRegions = (
				en,
				Base,
			);
			mainGroup = 49B009B41E1CCD480018D2A8;
			productRefGroup = 49B009BE1E1CCD480018D2A8 /* Products */;
			projectDirPath = "";
			projectRoot = "";
			targets = (
				49B009BC1E1CCD480018D2A8 /* TipCalculator */,
				49B009D01E1CCD480018D2A8 /* TipCalculatorTests */,
				49B009DB1E1CCD480018D2A8 /* TipCalculatorUITests */,
			);
		};
/* End PBXProject section */

/* Begin PBXResourcesBuildPhase section */
		49B009BB1E1CCD480018D2A8 /* Resources */ = {
			isa = PBXResourcesBuildPhase;
			buildActionMask = 2147483647;
			files = (
				49B009CB1E1CCD480018D2A8 /* LaunchScreen.storyboard in Resources */,
				49B009C81E1CCD480018D2A8 /* Assets.xcassets in Resources */,
				49B009C61E1CCD480018D2A8 /* Main.storyboard in Resources */,
			);
			runOnlyForDeploymentPostprocessing = 0;
		};
		49B009CF1E1CCD480018D2A8 /* Resources */ = {
			isa = PBXResourcesBuildPhase;
			buildActionMask = 2147483647;
			files = (
			);
			runOnlyForDeploymentPostprocessing = 0;
		};
		49B009DA1E1CCD480018D2A8 /* Resources */ = {
			isa = PBXResourcesBuildPhase;
			buildActionMask = 2147483647;
			files = (
			);
			runOnlyForDeploymentPostprocessing = 0;
		};
/* End PBXResourcesBuildPhase section */

/* Begin PBXSourcesBuildPhase section */
		49B009B91E1CCD480018D2A8 /* Sources */ = {
			isa = PBXSourcesBuildPhase;
			buildActionMask = 2147483647;
			files = (
				49B009C31E1CCD480018D2A8 /* ViewController.swift in Sources */,
				49B009C11E1CCD480018D2A8 /* AppDelegate.swift in Sources */,
			);
			runOnlyForDeploymentPostprocessing = 0;
		};
		49B009CD1E1CCD480018D2A8 /* Sources */ = {
			isa = PBXSourcesBuildPhase;
			buildActionMask = 2147483647;
			files = (
				49B009D61E1CCD480018D2A8 /* TipCalculatorTests.swift in Sources */,
			);
			runOnlyForDeploymentPostprocessing = 0;
		};
		49B009D81E1CCD480018D2A8 /* Sources */ = {
			isa = PBXSourcesBuildPhase;
			buildActionMask = 2147483647;
			files = (
				49B009E11E1CCD480018D2A8 /* TipCalculatorUITests.swift in Sources */,
			);
			runOnlyForDeploymentPostprocessing = 0;
		};
/* End PBXSourcesBuildPhase section */

/* Begin PBXTargetDependency section */
		49B009D31E1CCD480018D2A8 /* PBXTargetDependency */ = {
			isa = PBXTargetDependency;
			target = 49B009BC1E1CCD480018D2A8 /* TipCalculator */;
			targetProxy = 49B009D21E1CCD480018D2A8 /* PBXContainerItemProxy */;
		};
		49B009DE1E1CCD480018D2A8 /* PBXTargetDependency */ = {
			isa = PBXTargetDependency;
			target = 49B009BC1E1CCD480018D2A8 /* TipCalculator */;
			targetProxy = 49B009DD1E1CCD480018D2A8 /* PBXContainerItemProxy */;
		};
/* End PBXTargetDependency section */

/* Begin PBXVariantGroup section */
		49B009C41E1CCD480018D2A8 /* Main.storyboard */ = {
			isa = PBXVariantGroup;
			children = (
				49B009C51E1CCD480018D2A8 /* Base */,
			);
			name = Main.storyboard;
			sourceTree = "<group>";
		};
		49B009C91E1CCD480018D2A8 /* LaunchScreen.storyboard */ = {
			isa = PBXVariantGroup;
			children = (
				49B009CA1E1CCD480018D2A8 /* Base */,
			);
			name = LaunchScreen.storyboard;
			sourceTree = "<group>";
		};
/* End PBXVariantGroup section */

/* Begin XCBuildConfiguration section */
		49B009E31E1CCD480018D2A8 /* Debug */ = {
			isa = XCBuildConfiguration;
			buildSettings = {
				ALWAYS_SEARCH_USER_PATHS = NO;
				CLANG_ANALYZER_NONNULL = YES;
				CLANG_CXX_LANGUAGE_STANDARD = "gnu++0x";
				CLANG_CXX_LIBRARY = "libc++";
				CLANG_ENABLE_MODULES = YES;
				CLANG_ENABLE_OBJC_ARC = YES;
				CLANG_WARN_BOOL_CONVERSION = YES;
				CLANG_WARN_CONSTANT_CONVERSION = YES;
				CLANG_WARN_DIRECT_OBJC_ISA_USAGE = YES_ERROR;
				CLANG_WARN_DOCUMENTATION_COMMENTS = YES;
				CLANG_WARN_EMPTY_BODY = YES;
				CLANG_WARN_ENUM_CONVERSION = YES;
				CLANG_WARN_INFINITE_RECURSION = YES;
				CLANG_WARN_INT_CONVERSION = YES;
				CLANG_WARN_OBJC_ROOT_CLASS = YES_ERROR;
				CLANG_WARN_SUSPICIOUS_MOVE = YES;
				CLANG_WARN_UNREACHABLE_CODE = YES;
				CLANG_WARN__DUPLICATE_METHOD_MATCH = YES;
				"CODE_SIGN_IDENTITY[sdk=iphoneos*]" = "iPhone Developer";
				COPY_PHASE_STRIP = NO;
				DEBUG_INFORMATION_FORMAT = dwarf;
				ENABLE_STRICT_OBJC_MSGSEND = YES;
				ENABLE_TESTABILITY = YES;
				GCC_C_LANGUAGE_STANDARD = gnu99;
				GCC_DYNAMIC_NO_PIC = NO;
				GCC_NO_COMMON_BLOCKS = YES;
				GCC_OPTIMIZATION_LEVEL = 0;
				GCC_PREPROCESSOR_DEFINITIONS = (
					"DEBUG=1",
					"$(inherited)",
				);
				GCC_WARN_64_TO_32_BIT_CONVERSION = YES;
				GCC_WARN_ABOUT_RETURN_TYPE = YES_ERROR;
				GCC_WARN_UNDECLARED_SELECTOR = YES;
				GCC_WARN_UNINITIALIZED_AUTOS = YES_AGGRESSIVE;
				GCC_WARN_UNUSED_FUNCTION = YES;
				GCC_WARN_UNUSED_VARIABLE = YES;
				IPHONEOS_DEPLOYMENT_TARGET = 10.2;
				MTL_ENABLE_DEBUG_INFO = YES;
				ONLY_ACTIVE_ARCH = YES;
				SDKROOT = iphoneos;
				SWIFT_ACTIVE_COMPILATION_CONDITIONS = DEBUG;
				SWIFT_OPTIMIZATION_LEVEL = "-Onone";
			};
			name = Debug;
		};
		49B009E41E1CCD480018D2A8 /* Release */ = {
			isa = XCBuildConfiguration;
			buildSettings = {
				ALWAYS_SEARCH_USER_PATHS = NO;
				CLANG_ANALYZER_NONNULL = YES;
				CLANG_CXX_LANGUAGE_STANDARD = "gnu++0x";
				CLANG_CXX_LIBRARY = "libc++";
				CLANG_ENABLE_MODULES = YES;
				CLANG_ENABLE_OBJC_ARC = YES;
				CLANG_WARN_BOOL_CONVERSION = YES;
				CLANG_WARN_CONSTANT_CONVERSION = YES;
				CLANG_WARN_DIRECT_OBJC_ISA_USAGE = YES_ERROR;
				CLANG_WARN_DOCUMENTATION_COMMENTS = YES;
				CLANG_WARN_EMPTY_BODY = YES;
				CLANG_WARN_ENUM_CONVERSION = YES;
				CLANG_WARN_INFINITE_RECURSION = YES;
				CLANG_WARN_INT_CONVERSION = YES;
				CLANG_WARN_OBJC_ROOT_CLASS = YES_ERROR;
				CLANG_WARN_SUSPICIOUS_MOVE = YES;
				CLANG_WARN_UNREACHABLE_CODE = YES;
				CLANG_WARN__DUPLICATE_METHOD_MATCH = YES;
				"CODE_SIGN_IDENTITY[sdk=iphoneos*]" = "iPhone Developer";
				COPY_PHASE_STRIP = NO;
				DEBUG_INFORMATION_FORMAT = "dwarf-with-dsym";
				ENABLE_NS_ASSERTIONS = NO;
				ENABLE_STRICT_OBJC_MSGSEND = YES;
				GCC_C_LANGUAGE_STANDARD = gnu99;
				GCC_NO_COMMON_BLOCKS = YES;
				GCC_WARN_64_TO_32_BIT_CONVERSION = YES;
				GCC_WARN_ABOUT_RETURN_TYPE = YES_ERROR;
				GCC_WARN_UNDECLARED_SELECTOR = YES;
				GCC_WARN_UNINITIALIZED_AUTOS = YES_AGGRESSIVE;
				GCC_WARN_UNUSED_FUNCTION = YES;
				GCC_WARN_UNUSED_VARIABLE = YES;
				IPHONEOS_DEPLOYMENT_TARGET = 10.2;
				MTL_ENABLE_DEBUG_INFO = NO;
				SDKROOT = iphoneos;
				SWIFT_OPTIMIZATION_LEVEL = "-Owholemodule";
				VALIDATE_PRODUCT = YES;
			};
			name = Release;
		};
		49B009E61E1CCD480018D2A8 /* Debug */ = {
			isa = XCBuildConfiguration;
			buildSettings = {
				ASSETCATALOG_COMPILER_APPICON_NAME = AppIcon;
				INFOPLIST_FILE = TipCalculator/Info.plist;
				LD_RUNPATH_SEARCH_PATHS = "$(inherited) @executable_path/Frameworks";
				PRODUCT_BUNDLE_IDENTIFIER = CS212.TipCalculator;
				PRODUCT_NAME = "$(TARGET_NAME)";
				SWIFT_VERSION = 3.0;
			};
			name = Debug;
		};
		49B009E71E1CCD480018D2A8 /* Release */ = {
			isa = XCBuildConfiguration;
			buildSettings = {
				ASSETCATALOG_COMPILER_APPICON_NAME = AppIcon;
				INFOPLIST_FILE = TipCalculator/Info.plist;
				LD_RUNPATH_SEARCH_PATHS = "$(inherited) @executable_path/Frameworks";
				PRODUCT_BUNDLE_IDENTIFIER = CS212.TipCalculator;
				PRODUCT_NAME = "$(TARGET_NAME)";
				SWIFT_VERSION = 3.0;
			};
			name = Release;
		};
		49B009E91E1CCD480018D2A8 /* Debug */ = {
			isa = XCBuildConfiguration;
			buildSettings = {
				ALWAYS_EMBED_SWIFT_STANDARD_LIBRARIES = YES;
				BUNDLE_LOADER = "$(TEST_HOST)";
				INFOPLIST_FILE = TipCalculatorTests/Info.plist;
				LD_RUNPATH_SEARCH_PATHS = "$(inherited) @executable_path/Frameworks @loader_path/Frameworks";
				PRODUCT_BUNDLE_IDENTIFIER = CS212.TipCalculatorTests;
				PRODUCT_NAME = "$(TARGET_NAME)";
				SWIFT_VERSION = 3.0;
				TEST_HOST = "$(BUILT_PRODUCTS_DIR)/TipCalculator.app/TipCalculator";
			};
			name = Debug;
		};
		49B009EA1E1CCD480018D2A8 /* Release */ = {
			isa = XCBuildConfiguration;
			buildSettings = {
				ALWAYS_EMBED_SWIFT_STANDARD_LIBRARIES = YES;
				BUNDLE_LOADER = "$(TEST_HOST)";
				INFOPLIST_FILE = TipCalculatorTests/Info.plist;
				LD_RUNPATH_SEARCH_PATHS = "$(inherited) @executable_path/Frameworks @loader_path/Frameworks";
				PRODUCT_BUNDLE_IDENTIFIER = CS212.TipCalculatorTests;
				PRODUCT_NAME = "$(TARGET_NAME)";
				SWIFT_VERSION = 3.0;
				TEST_HOST = "$(BUILT_PRODUCTS_DIR)/TipCalculator.app/TipCalculator";
			};
			name = Release;
		};
		49B009EC1E1CCD480018D2A8 /* Debug */ = {
			isa = XCBuildConfiguration;
			buildSettings = {
				ALWAYS_EMBED_SWIFT_STANDARD_LIBRARIES = YES;
				INFOPLIST_FILE = TipCalculatorUITests/Info.plist;
				LD_RUNPATH_SEARCH_PATHS = "$(inherited) @executable_path/Frameworks @loader_path/Frameworks";
				PRODUCT_BUNDLE_IDENTIFIER = CS212.TipCalculatorUITests;
				PRODUCT_NAME = "$(TARGET_NAME)";
				SWIFT_VERSION = 3.0;
				TEST_TARGET_NAME = TipCalculator;
			};
			name = Debug;
		};
		49B009ED1E1CCD480018D2A8 /* Release */ = {
			isa = XCBuildConfiguration;
			buildSettings = {
				ALWAYS_EMBED_SWIFT_STANDARD_LIBRARIES = YES;
				INFOPLIST_FILE = TipCalculatorUITests/Info.plist;
				LD_RUNPATH_SEARCH_PATHS = "$(inherited) @executable_path/Frameworks @loader_path/Frameworks";
				PRODUCT_BUNDLE_IDENTIFIER = CS212.TipCalculatorUITests;
				PRODUCT_NAME = "$(TARGET_NAME)";
				SWIFT_VERSION = 3.0;
				TEST_TARGET_NAME = TipCalculator;
			};
			name = Release;
		};
/* End XCBuildConfiguration section */

/* Begin XCConfigurationList section */
		49B009B81E1CCD480018D2A8 /* Build configuration list for PBXProject "TipCalculator" */ = {
			isa = XCConfigurationList;
			buildConfigurations = (
				49B009E31E1CCD480018D2A8 /* Debug */,
				49B009E41E1CCD480018D2A8 /* Release */,
			);
			defaultConfigurationIsVisible = 0;
			defaultConfigurationName = Release;
		};
		49B009E51E1CCD480018D2A8 /* Build configuration list for PBXNativeTarget "TipCalculator" */ = {
			isa = XCConfigurationList;
			buildConfigurations = (
				49B009E61E1CCD480018D2A8 /* Debug */,
				49B009E71E1CCD480018D2A8 /* Release */,
			);
			defaultConfigurationIsVisible = 0;
		};
		49B009E81E1CCD480018D2A8 /* Build configuration list for PBXNativeTarget "TipCalculatorTests" */ = {
			isa = XCConfigurationList;
			buildConfigurations = (
				49B009E91E1CCD480018D2A8 /* Debug */,
				49B009EA1E1CCD480018D2A8 /* Release */,
			);
			defaultConfigurationIsVisible = 0;
		};
		49B009EB1E1CCD480018D2A8 /* Build configuration list for PBXNativeTarget "TipCalculatorUITests" */ = {
			isa = XCConfigurationList;
			buildConfigurations = (
				49B009EC1E1CCD480018D2A8 /* Debug */,
				49B009ED1E1CCD480018D2A8 /* Release */,
			);
			defaultConfigurationIsVisible = 0;
		};
/* End XCConfigurationList section */
	};
	rootObject = 49B009B51E1CCD480018D2A8 /* Project object */;
}
